// !$*UTF8*$!
{
	archiveVersion = 1;
	classes = {
	};
	objectVersion = 77;
	objects = {

/* Begin PBXContainerItemProxy section */
		455395AF2D27B38B00A556F2 /* PBXContainerItemProxy */ = {
			isa = PBXContainerItemProxy;
			containerPortal = 455395952D27B38900A556F2 /* Project object */;
			proxyType = 1;
			remoteGlobalIDString = 4553959C2D27B38900A556F2;
			remoteInfo = ToyParser;
		};
		455395B92D27B38B00A556F2 /* PBXContainerItemProxy */ = {
			isa = PBXContainerItemProxy;
			containerPortal = 455395952D27B38900A556F2 /* Project object */;
			proxyType = 1;
			remoteGlobalIDString = 4553959C2D27B38900A556F2;
			remoteInfo = ToyParser;
		};
/* End PBXContainerItemProxy section */

/* Begin PBXFileReference section */
		4553959D2D27B38A00A556F2 /* ToyParser.app */ = {isa = PBXFileReference; explicitFileType = wrapper.application; includeInIndex = 0; path = ToyParser.app; sourceTree = BUILT_PRODUCTS_DIR; };
		455395AE2D27B38B00A556F2 /* ToyParserTests.xctest */ = {isa = PBXFileReference; explicitFileType = wrapper.cfbundle; includeInIndex = 0; path = ToyParserTests.xctest; sourceTree = BUILT_PRODUCTS_DIR; };
		455395B82D27B38B00A556F2 /* ToyParserUITests.xctest */ = {isa = PBXFileReference; explicitFileType = wrapper.cfbundle; includeInIndex = 0; path = ToyParserUITests.xctest; sourceTree = BUILT_PRODUCTS_DIR; };
/* End PBXFileReference section */

/* Begin PBXFileSystemSynchronizedRootGroup section */
		4553959F2D27B38A00A556F2 /* ToyParser */ = {
			isa = PBXFileSystemSynchronizedRootGroup;
			path = ToyParser;
			sourceTree = "<group>";
		};
		455395B12D27B38B00A556F2 /* ToyParserTests */ = {
			isa = PBXFileSystemSynchronizedRootGroup;
			path = ToyParserTests;
			sourceTree = "<group>";
		};
		455395BB2D27B38B00A556F2 /* ToyParserUITests */ = {
			isa = PBXFileSystemSynchronizedRootGroup;
			path = ToyParserUITests;
			sourceTree = "<group>";
		};
/* End PBXFileSystemSynchronizedRootGroup section */

/* Begin PBXFrameworksBuildPhase section */
		4553959A2D27B38900A556F2 /* Frameworks */ = {
			isa = PBXFrameworksBuildPhase;
			buildActionMask = 2147483647;
			files = (
			);
			runOnlyForDeploymentPostprocessing = 0;
		};
		455395AB2D27B38B00A556F2 /* Frameworks */ = {
			isa = PBXFrameworksBuildPhase;
			buildActionMask = 2147483647;
			files = (
			);
			runOnlyForDeploymentPostprocessing = 0;
		};
		455395B52D27B38B00A556F2 /* Frameworks */ = {
			isa = PBXFrameworksBuildPhase;
			buildActionMask = 2147483647;
			files = (
			);
			runOnlyForDeploymentPostprocessing = 0;
		};
/* End PBXFrameworksBuildPhase section */

/* Begin PBXGroup section */
		455395942D27B38900A556F2 = {
			isa = PBXGroup;
			children = (
				4553959F2D27B38A00A556F2 /* ToyParser */,
				455395B12D27B38B00A556F2 /* ToyParserTests */,
				455395BB2D27B38B00A556F2 /* ToyParserUITests */,
				4553959E2D27B38A00A556F2 /* Products */,
			);
			sourceTree = "<group>";
		};
		4553959E2D27B38A00A556F2 /* Products */ = {
			isa = PBXGroup;
			children = (
				4553959D2D27B38A00A556F2 /* ToyParser.app */,
				455395AE2D27B38B00A556F2 /* ToyParserTests.xctest */,
				455395B82D27B38B00A556F2 /* ToyParserUITests.xctest */,
			);
			name = Products;
			sourceTree = "<group>";
		};
/* End PBXGroup section */

/* Begin PBXNativeTarget section */
		4553959C2D27B38900A556F2 /* ToyParser */ = {
			isa = PBXNativeTarget;
			buildConfigurationList = 455395C22D27B38B00A556F2 /* Build configuration list for PBXNativeTarget "ToyParser" */;
			buildPhases = (
				455395992D27B38900A556F2 /* Sources */,
				4553959A2D27B38900A556F2 /* Frameworks */,
				4553959B2D27B38900A556F2 /* Resources */,
			);
			buildRules = (
			);
			dependencies = (
			);
			fileSystemSynchronizedGroups = (
				4553959F2D27B38A00A556F2 /* ToyParser */,
			);
			name = ToyParser;
			packageProductDependencies = (
			);
			productName = ToyParser;
			productReference = 4553959D2D27B38A00A556F2 /* ToyParser.app */;
			productType = "com.apple.product-type.application";
		};
		455395AD2D27B38B00A556F2 /* ToyParserTests */ = {
			isa = PBXNativeTarget;
			buildConfigurationList = 455395C52D27B38B00A556F2 /* Build configuration list for PBXNativeTarget "ToyParserTests" */;
			buildPhases = (
				455395AA2D27B38B00A556F2 /* Sources */,
				455395AB2D27B38B00A556F2 /* Frameworks */,
				455395AC2D27B38B00A556F2 /* Resources */,
			);
			buildRules = (
			);
			dependencies = (
				455395B02D27B38B00A556F2 /* PBXTargetDependency */,
			);
			fileSystemSynchronizedGroups = (
				455395B12D27B38B00A556F2 /* ToyParserTests */,
			);
			name = ToyParserTests;
			packageProductDependencies = (
			);
			productName = ToyParserTests;
			productReference = 455395AE2D27B38B00A556F2 /* ToyParserTests.xctest */;
			productType = "com.apple.product-type.bundle.unit-test";
		};
		455395B72D27B38B00A556F2 /* ToyParserUITests */ = {
			isa = PBXNativeTarget;
			buildConfigurationList = 455395C82D27B38B00A556F2 /* Build configuration list for PBXNativeTarget "ToyParserUITests" */;
			buildPhases = (
				455395B42D27B38B00A556F2 /* Sources */,
				455395B52D27B38B00A556F2 /* Frameworks */,
				455395B62D27B38B00A556F2 /* Resources */,
			);
			buildRules = (
			);
			dependencies = (
				455395BA2D27B38B00A556F2 /* PBXTargetDependency */,
			);
			fileSystemSynchronizedGroups = (
				455395BB2D27B38B00A556F2 /* ToyParserUITests */,
			);
			name = ToyParserUITests;
			packageProductDependencies = (
			);
			productName = ToyParserUITests;
			productReference = 455395B82D27B38B00A556F2 /* ToyParserUITests.xctest */;
			productType = "com.apple.product-type.bundle.ui-testing";
		};
/* End PBXNativeTarget section */

/* Begin PBXProject section */
		455395952D27B38900A556F2 /* Project object */ = {
			isa = PBXProject;
			attributes = {
				BuildIndependentTargetsInParallel = 1;
				LastSwiftUpdateCheck = 1620;
				LastUpgradeCheck = 1620;
				TargetAttributes = {
					4553959C2D27B38900A556F2 = {
						CreatedOnToolsVersion = 16.2;
					};
					455395AD2D27B38B00A556F2 = {
						CreatedOnToolsVersion = 16.2;
						TestTargetID = 4553959C2D27B38900A556F2;
					};
					455395B72D27B38B00A556F2 = {
						CreatedOnToolsVersion = 16.2;
						TestTargetID = 4553959C2D27B38900A556F2;
					};
				};
			};
			buildConfigurationList = 455395982D27B38900A556F2 /* Build configuration list for PBXProject "ToyParser" */;
			developmentRegion = en;
			hasScannedForEncodings = 0;
			knownRegions = (
				en,
				Base,
			);
			mainGroup = 455395942D27B38900A556F2;
			minimizedProjectReferenceProxies = 1;
			preferredProjectObjectVersion = 77;
			productRefGroup = 4553959E2D27B38A00A556F2 /* Products */;
			projectDirPath = "";
			projectRoot = "";
			targets = (
				4553959C2D27B38900A556F2 /* ToyParser */,
				455395AD2D27B38B00A556F2 /* ToyParserTests */,
				455395B72D27B38B00A556F2 /* ToyParserUITests */,
			);
		};
/* End PBXProject section */

/* Begin PBXResourcesBuildPhase section */
		4553959B2D27B38900A556F2 /* Resources */ = {
			isa = PBXResourcesBuildPhase;
			buildActionMask = 2147483647;
			files = (
			);
			runOnlyForDeploymentPostprocessing = 0;
		};
		455395AC2D27B38B00A556F2 /* Resources */ = {
			isa = PBXResourcesBuildPhase;
			buildActionMask = 2147483647;
			files = (
			);
			runOnlyForDeploymentPostprocessing = 0;
		};
		455395B62D27B38B00A556F2 /* Resources */ = {
			isa = PBXResourcesBuildPhase;
			buildActionMask = 2147483647;
			files = (
			);
			runOnlyForDeploymentPostprocessing = 0;
		};
/* End PBXResourcesBuildPhase section */

/* Begin PBXSourcesBuildPhase section */
		455395992D27B38900A556F2 /* Sources */ = {
			isa = PBXSourcesBuildPhase;
			buildActionMask = 2147483647;
			files = (
			);
			runOnlyForDeploymentPostprocessing = 0;
		};
		455395AA2D27B38B00A556F2 /* Sources */ = {
			isa = PBXSourcesBuildPhase;
			buildActionMask = 2147483647;
			files = (
			);
			runOnlyForDeploymentPostprocessing = 0;
		};
		455395B42D27B38B00A556F2 /* Sources */ = {
			isa = PBXSourcesBuildPhase;
			buildActionMask = 2147483647;
			files = (
			);
			runOnlyForDeploymentPostprocessing = 0;
		};
/* End PBXSourcesBuildPhase section */

/* Begin PBXTargetDependency section */
		455395B02D27B38B00A556F2 /* PBXTargetDependency */ = {
			isa = PBXTargetDependency;
			target = 4553959C2D27B38900A556F2 /* ToyParser */;
			targetProxy = 455395AF2D27B38B00A556F2 /* PBXContainerItemProxy */;
		};
		455395BA2D27B38B00A556F2 /* PBXTargetDependency */ = {
			isa = PBXTargetDependency;
			target = 4553959C2D27B38900A556F2 /* ToyParser */;
			targetProxy = 455395B92D27B38B00A556F2 /* PBXContainerItemProxy */;
		};
/* End PBXTargetDependency section */

/* Begin XCBuildConfiguration section */
		455395C02D27B38B00A556F2 /* Debug */ = {
			isa = XCBuildConfiguration;
			buildSettings = {
				ALWAYS_SEARCH_USER_PATHS = NO;
				ASSETCATALOG_COMPILER_GENERATE_SWIFT_ASSET_SYMBOL_EXTENSIONS = YES;
				CLANG_ANALYZER_NONNULL = YES;
				CLANG_ANALYZER_NUMBER_OBJECT_CONVERSION = YES_AGGRESSIVE;
				CLANG_CXX_LANGUAGE_STANDARD = "gnu++20";
				CLANG_ENABLE_MODULES = YES;
				CLANG_ENABLE_OBJC_ARC = YES;
				CLANG_ENABLE_OBJC_WEAK = YES;
				CLANG_WARN_BLOCK_CAPTURE_AUTORELEASING = YES;
				CLANG_WARN_BOOL_CONVERSION = YES;
				CLANG_WARN_COMMA = YES;
				CLANG_WARN_CONSTANT_CONVERSION = YES;
				CLANG_WARN_DEPRECATED_OBJC_IMPLEMENTATIONS = YES;
				CLANG_WARN_DIRECT_OBJC_ISA_USAGE = YES_ERROR;
				CLANG_WARN_DOCUMENTATION_COMMENTS = YES;
				CLANG_WARN_EMPTY_BODY = YES;
				CLANG_WARN_ENUM_CONVERSION = YES;
				CLANG_WARN_INFINITE_RECURSION = YES;
				CLANG_WARN_INT_CONVERSION = YES;
				CLANG_WARN_NON_LITERAL_NULL_CONVERSION = YES;
				CLANG_WARN_OBJC_IMPLICIT_RETAIN_SELF = YES;
				CLANG_WARN_OBJC_LITERAL_CONVERSION = YES;
				CLANG_WARN_OBJC_ROOT_CLASS = YES_ERROR;
				CLANG_WARN_QUOTED_INCLUDE_IN_FRAMEWORK_HEADER = YES;
				CLANG_WARN_RANGE_LOOP_ANALYSIS = YES;
				CLANG_WARN_STRICT_PROTOTYPES = YES;
				CLANG_WARN_SUSPICIOUS_MOVE = YES;
				CLANG_WARN_UNGUARDED_AVAILABILITY = YES_AGGRESSIVE;
				CLANG_WARN_UNREACHABLE_CODE = YES;
				CLANG_WARN__DUPLICATE_METHOD_MATCH = YES;
				COPY_PHASE_STRIP = NO;
				DEBUG_INFORMATION_FORMAT = dwarf;
				ENABLE_STRICT_OBJC_MSGSEND = YES;
				ENABLE_TESTABILITY = YES;
				ENABLE_USER_SCRIPT_SANDBOXING = YES;
				GCC_C_LANGUAGE_STANDARD = gnu17;
				GCC_DYNAMIC_NO_PIC = NO;
				GCC_NO_COMMON_BLOCKS = YES;
				GCC_OPTIMIZATION_LEVEL = 0;
				GCC_PREPROCESSOR_DEFINITIONS = (
					"DEBUG=1",
					"$(inherited)",
				);
				GCC_WARN_64_TO_32_BIT_CONVERSION = YES;
				GCC_WARN_ABOUT_RETURN_TYPE = YES_ERROR;
				GCC_WARN_UNDECLARED_SELECTOR = YES;
				GCC_WARN_UNINITIALIZED_AUTOS = YES_AGGRESSIVE;
				GCC_WARN_UNUSED_FUNCTION = YES;
				GCC_WARN_UNUSED_VARIABLE = YES;
				LOCALIZATION_PREFERS_STRING_CATALOGS = YES;
				MACOSX_DEPLOYMENT_TARGET = 15.2;
				MTL_ENABLE_DEBUG_INFO = INCLUDE_SOURCE;
				MTL_FAST_MATH = YES;
				ONLY_ACTIVE_ARCH = YES;
				SDKROOT = macosx;
				SWIFT_ACTIVE_COMPILATION_CONDITIONS = "DEBUG $(inherited)";
				SWIFT_OPTIMIZATION_LEVEL = "-Onone";
			};
			name = Debug;
		};
		455395C12D27B38B00A556F2 /* Release */ = {
			isa = XCBuildConfiguration;
			buildSettings = {
				ALWAYS_SEARCH_USER_PATHS = NO;
				ASSETCATALOG_COMPILER_GENERATE_SWIFT_ASSET_SYMBOL_EXTENSIONS = YES;
				CLANG_ANALYZER_NONNULL = YES;
				CLANG_ANALYZER_NUMBER_OBJECT_CONVERSION = YES_AGGRESSIVE;
				CLANG_CXX_LANGUAGE_STANDARD = "gnu++20";
				CLANG_ENABLE_MODULES = YES;
				CLANG_ENABLE_OBJC_ARC = YES;
				CLANG_ENABLE_OBJC_WEAK = YES;
				CLANG_WARN_BLOCK_CAPTURE_AUTORELEASING = YES;
				CLANG_WARN_BOOL_CONVERSION = YES;
				CLANG_WARN_COMMA = YES;
				CLANG_WARN_CONSTANT_CONVERSION = YES;
				CLANG_WARN_DEPRECATED_OBJC_IMPLEMENTATIONS = YES;
				CLANG_WARN_DIRECT_OBJC_ISA_USAGE = YES_ERROR;
				CLANG_WARN_DOCUMENTATION_COMMENTS = YES;
				CLANG_WARN_EMPTY_BODY = YES;
				CLANG_WARN_ENUM_CONVERSION = YES;
				CLANG_WARN_INFINITE_RECURSION = YES;
				CLANG_WARN_INT_CONVERSION = YES;
				CLANG_WARN_NON_LITERAL_NULL_CONVERSION = YES;
				CLANG_WARN_OBJC_IMPLICIT_RETAIN_SELF = YES;
				CLANG_WARN_OBJC_LITERAL_CONVERSION = YES;
				CLANG_WARN_OBJC_ROOT_CLASS = YES_ERROR;
				CLANG_WARN_QUOTED_INCLUDE_IN_FRAMEWORK_HEADER = YES;
				CLANG_WARN_RANGE_LOOP_ANALYSIS = YES;
				CLANG_WARN_STRICT_PROTOTYPES = YES;
				CLANG_WARN_SUSPICIOUS_MOVE = YES;
				CLANG_WARN_UNGUARDED_AVAILABILITY = YES_AGGRESSIVE;
				CLANG_WARN_UNREACHABLE_CODE = YES;
				CLANG_WARN__DUPLICATE_METHOD_MATCH = YES;
				COPY_PHASE_STRIP = NO;
				DEBUG_INFORMATION_FORMAT = "dwarf-with-dsym";
				ENABLE_NS_ASSERTIONS = NO;
				ENABLE_STRICT_OBJC_MSGSEND = YES;
				ENABLE_USER_SCRIPT_SANDBOXING = YES;
				GCC_C_LANGUAGE_STANDARD = gnu17;
				GCC_NO_COMMON_BLOCKS = YES;
				GCC_WARN_64_TO_32_BIT_CONVERSION = YES;
				GCC_WARN_ABOUT_RETURN_TYPE = YES_ERROR;
				GCC_WARN_UNDECLARED_SELECTOR = YES;
				GCC_WARN_UNINITIALIZED_AUTOS = YES_AGGRESSIVE;
				GCC_WARN_UNUSED_FUNCTION = YES;
				GCC_WARN_UNUSED_VARIABLE = YES;
				LOCALIZATION_PREFERS_STRING_CATALOGS = YES;
				MACOSX_DEPLOYMENT_TARGET = 15.2;
				MTL_ENABLE_DEBUG_INFO = NO;
				MTL_FAST_MATH = YES;
				SDKROOT = macosx;
				SWIFT_COMPILATION_MODE = wholemodule;
			};
			name = Release;
		};
		455395C32D27B38B00A556F2 /* Debug */ = {
			isa = XCBuildConfiguration;
			buildSettings = {
				ASSETCATALOG_COMPILER_APPICON_NAME = AppIcon;
				ASSETCATALOG_COMPILER_GLOBAL_ACCENT_COLOR_NAME = AccentColor;
				CODE_SIGN_ENTITLEMENTS = ToyParser/ToyParser.entitlements;
				CODE_SIGN_STYLE = Automatic;
				COMBINE_HIDPI_IMAGES = YES;
				CURRENT_PROJECT_VERSION = 1;
				DEVELOPMENT_ASSET_PATHS = "\"ToyParser/Preview Content\"";
				ENABLE_PREVIEWS = YES;
				GENERATE_INFOPLIST_FILE = YES;
				INFOPLIST_KEY_NSHumanReadableCopyright = "";
				LD_RUNPATH_SEARCH_PATHS = (
					"$(inherited)",
					"@executable_path/../Frameworks",
				);
				MARKETING_VERSION = 1.0;
				PRODUCT_BUNDLE_IDENTIFIER = com.taox.ToyParser;
				PRODUCT_NAME = "$(TARGET_NAME)";
				SWIFT_EMIT_LOC_STRINGS = YES;
				SWIFT_VERSION = 5.0;
			};
			name = Debug;
		};
		455395C42D27B38B00A556F2 /* Release */ = {
			isa = XCBuildConfiguration;
			buildSettings = {
				ASSETCATALOG_COMPILER_APPICON_NAME = AppIcon;
				ASSETCATALOG_COMPILER_GLOBAL_ACCENT_COLOR_NAME = AccentColor;
				CODE_SIGN_ENTITLEMENTS = ToyParser/ToyParser.entitlements;
				CODE_SIGN_STYLE = Automatic;
				COMBINE_HIDPI_IMAGES = YES;
				CURRENT_PROJECT_VERSION = 1;
				DEVELOPMENT_ASSET_PATHS = "\"ToyParser/Preview Content\"";
				ENABLE_PREVIEWS = YES;
				GENERATE_INFOPLIST_FILE = YES;
				INFOPLIST_KEY_NSHumanReadableCopyright = "";
				LD_RUNPATH_SEARCH_PATHS = (
					"$(inherited)",
					"@executable_path/../Frameworks",
				);
				MARKETING_VERSION = 1.0;
				PRODUCT_BUNDLE_IDENTIFIER = com.taox.ToyParser;
				PRODUCT_NAME = "$(TARGET_NAME)";
				SWIFT_EMIT_LOC_STRINGS = YES;
				SWIFT_VERSION = 5.0;
			};
			name = Release;
		};
		455395C62D27B38B00A556F2 /* Debug */ = {
			isa = XCBuildConfiguration;
			buildSettings = {
				BUNDLE_LOADER = "$(TEST_HOST)";
				CODE_SIGN_STYLE = Automatic;
				CURRENT_PROJECT_VERSION = 1;
				GENERATE_INFOPLIST_FILE = YES;
				MACOSX_DEPLOYMENT_TARGET = 15.2;
				MARKETING_VERSION = 1.0;
				PRODUCT_BUNDLE_IDENTIFIER = com.taox.ToyParserTests;
				PRODUCT_NAME = "$(TARGET_NAME)";
				SWIFT_EMIT_LOC_STRINGS = NO;
				SWIFT_VERSION = 5.0;
				TEST_HOST = "$(BUILT_PRODUCTS_DIR)/ToyParser.app/$(BUNDLE_EXECUTABLE_FOLDER_PATH)/ToyParser";
			};
			name = Debug;
		};
		455395C72D27B38B00A556F2 /* Release */ = {
			isa = XCBuildConfiguration;
			buildSettings = {
				BUNDLE_LOADER = "$(TEST_HOST)";
				CODE_SIGN_STYLE = Automatic;
				CURRENT_PROJECT_VERSION = 1;
				GENERATE_INFOPLIST_FILE = YES;
				MACOSX_DEPLOYMENT_TARGET = 15.2;
				MARKETING_VERSION = 1.0;
				PRODUCT_BUNDLE_IDENTIFIER = com.taox.ToyParserTests;
				PRODUCT_NAME = "$(TARGET_NAME)";
				SWIFT_EMIT_LOC_STRINGS = NO;
				SWIFT_VERSION = 5.0;
				TEST_HOST = "$(BUILT_PRODUCTS_DIR)/ToyParser.app/$(BUNDLE_EXECUTABLE_FOLDER_PATH)/ToyParser";
			};
			name = Release;
		};
		455395C92D27B38B00A556F2 /* Debug */ = {
			isa = XCBuildConfiguration;
			buildSettings = {
				CODE_SIGN_STYLE = Automatic;
				CURRENT_PROJECT_VERSION = 1;
				GENERATE_INFOPLIST_FILE = YES;
				MARKETING_VERSION = 1.0;
				PRODUCT_BUNDLE_IDENTIFIER = com.taox.ToyParserUITests;
				PRODUCT_NAME = "$(TARGET_NAME)";
				SWIFT_EMIT_LOC_STRINGS = NO;
				SWIFT_VERSION = 5.0;
				TEST_TARGET_NAME = ToyParser;
			};
			name = Debug;
		};
		455395CA2D27B38B00A556F2 /* Release */ = {
			isa = XCBuildConfiguration;
			buildSettings = {
				CODE_SIGN_STYLE = Automatic;
				CURRENT_PROJECT_VERSION = 1;
				GENERATE_INFOPLIST_FILE = YES;
				MARKETING_VERSION = 1.0;
				PRODUCT_BUNDLE_IDENTIFIER = com.taox.ToyParserUITests;
				PRODUCT_NAME = "$(TARGET_NAME)";
				SWIFT_EMIT_LOC_STRINGS = NO;
				SWIFT_VERSION = 5.0;
				TEST_TARGET_NAME = ToyParser;
			};
			name = Release;
		};
/* End XCBuildConfiguration section */

/* Begin XCConfigurationList section */
		455395982D27B38900A556F2 /* Build configuration list for PBXProject "ToyParser" */ = {
			isa = XCConfigurationList;
			buildConfigurations = (
				455395C02D27B38B00A556F2 /* Debug */,
				455395C12D27B38B00A556F2 /* Release */,
			);
			defaultConfigurationIsVisible = 0;
			defaultConfigurationName = Release;
		};
		455395C22D27B38B00A556F2 /* Build configuration list for PBXNativeTarget "ToyParser" */ = {
			isa = XCConfigurationList;
			buildConfigurations = (
				455395C32D27B38B00A556F2 /* Debug */,
				455395C42D27B38B00A556F2 /* Release */,
			);
			defaultConfigurationIsVisible = 0;
			defaultConfigurationName = Release;
		};
		455395C52D27B38B00A556F2 /* Build configuration list for PBXNativeTarget "ToyParserTests" */ = {
			isa = XCConfigurationList;
			buildConfigurations = (
				455395C62D27B38B00A556F2 /* Debug */,
				455395C72D27B38B00A556F2 /* Release */,
			);
			defaultConfigurationIsVisible = 0;
			defaultConfigurationName = Release;
		};
		455395C82D27B38B00A556F2 /* Build configuration list for PBXNativeTarget "ToyParserUITests" */ = {
			isa = XCConfigurationList;
			buildConfigurations = (
				455395C92D27B38B00A556F2 /* Debug */,
				455395CA2D27B38B00A556F2 /* Release */,
			);
			defaultConfigurationIsVisible = 0;
			defaultConfigurationName = Release;
		};
/* End XCConfigurationList section */
	};
	rootObject = 455395952D27B38900A556F2 /* Project object */;
}
